
Microsoft Visual Studio Solution File, Format Version 12.00
# Visual Studio Version 16
VisualStudioVersion = 16.0.29519.87
MinimumVisualStudioVersion = 10.0.40219.1
Project("{FAE04EC0-301F-11D3-BF4B-00C04F79EFBC}") = "AWPteacher", "AWPteacher\AWPteacher.csproj", "{458BACFD-D791-47C5-8316-758C9B6808E6}"
EndProject
Project("{FAE04EC0-301F-11D3-BF4B-00C04F79EFBC}") = "AWPteacher.Model", "AWPteacher.Model\AWPteacher.Model.csproj", "{175CC4CC-67D2-425F-B01B-B13DD6D283BF}"
EndProject
Global
	GlobalSection(SolutionConfigurationPlatforms) = preSolution
		Debug|Any CPU = Debug|Any CPU
		Release|Any CPU = Release|Any CPU
	EndGlobalSection
	GlobalSection(ProjectConfigurationPlatforms) = postSolution
		{458BACFD-D791-47C5-8316-758C9B6808E6}.Debug|Any CPU.ActiveCfg = Debug|Any CPU
		{458BACFD-D791-47C5-8316-758C9B6808E6}.Debug|Any CPU.Build.0 = Debug|Any CPU
		{458BACFD-D791-47C5-8316-758C9B6808E6}.Release|Any CPU.ActiveCfg = Release|Any CPU
		{458BACFD-D791-47C5-8316-758C9B6808E6}.Release|Any CPU.Build.0 = Release|Any CPU
		{175CC4CC-67D2-425F-B01B-B13DD6D283BF}.Debug|Any CPU.ActiveCfg = Debug|Any CPU
		{175CC4CC-67D2-425F-B01B-B13DD6D283BF}.Debug|Any CPU.Build.0 = Debug|Any CPU
		{175CC4CC-67D2-425F-B01B-B13DD6D283BF}.Release|Any CPU.ActiveCfg = Release|Any CPU
		{175CC4CC-67D2-425F-B01B-B13DD6D283BF}.Release|Any CPU.Build.0 = Release|Any CPU
	EndGlobalSection
	GlobalSection(SolutionProperties) = preSolution
		HideSolutionNode = FALSE
	EndGlobalSection
	GlobalSection(ExtensibilityGlobals) = postSolution
		SolutionGuid = {035644C4-E6B2-4108-B6A9-7C46F2EBAA47}
	EndGlobalSection
EndGlobal
